
Microsoft Visual Studio Solution File, Format Version 12.00
# Visual Studio Version 17
VisualStudioVersion = 17.13.35931.197 d17.13
MinimumVisualStudioVersion = 10.0.40219.1
Project("{FAE04EC0-301F-11D3-BF4B-00C04F79EFBC}") = "SmartStock", "SmartStock\SmartStock.csproj", "{36E5EB35-7F37-42CF-8366-0AB61C674674}"
EndProject
Global
	GlobalSection(SolutionConfigurationPlatforms) = preSolution
		Debug|Any CPU = Debug|Any CPU
		Release|Any CPU = Release|Any CPU
	EndGlobalSection
	GlobalSection(ProjectConfigurationPlatforms) = postSolution
		{36E5EB35-7F37-42CF-8366-0AB61C674674}.Debug|Any CPU.ActiveCfg = Debug|Any CPU
		{36E5EB35-7F37-42CF-8366-0AB61C674674}.Debug|Any CPU.Build.0 = Debug|Any CPU
		{36E5EB35-7F37-42CF-8366-0AB61C674674}.Release|Any CPU.ActiveCfg = Release|Any CPU
		{36E5EB35-7F37-42CF-8366-0AB61C674674}.Release|Any CPU.Build.0 = Release|Any CPU
	EndGlobalSection
	GlobalSection(SolutionProperties) = preSolution
		HideSolutionNode = FALSE
	EndGlobalSection
	GlobalSection(ExtensibilityGlobals) = postSolution
		SolutionGuid = {D1D29770-1579-4320-9296-D0427C927DB7}
	EndGlobalSection
EndGlobal
